
Microsoft Visual Studio Solution File, Format Version 12.00
# Visual Studio 15
VisualStudioVersion = 15.0.28010.2041
MinimumVisualStudioVersion = 10.0.40219.1
Project("{FAE04EC0-301F-11D3-BF4B-00C04F79EFBC}") = "TestApi2", "TestApi2\TestApi2.csproj", "{D270790C-3462-4BFA-BBEC-3DBB64B1AE08}"
EndProject
Global
	GlobalSection(SolutionConfigurationPlatforms) = preSolution
		Debug|Any CPU = Debug|Any CPU
		Release|Any CPU = Release|Any CPU
	EndGlobalSection
	GlobalSection(ProjectConfigurationPlatforms) = postSolution
		{D270790C-3462-4BFA-BBEC-3DBB64B1AE08}.Debug|Any CPU.ActiveCfg = Debug|Any CPU
		{D270790C-3462-4BFA-BBEC-3DBB64B1AE08}.Debug|Any CPU.Build.0 = Debug|Any CPU
		{D270790C-3462-4BFA-BBEC-3DBB64B1AE08}.Release|Any CPU.ActiveCfg = Release|Any CPU
		{D270790C-3462-4BFA-BBEC-3DBB64B1AE08}.Release|Any CPU.Build.0 = Release|Any CPU
	EndGlobalSection
	GlobalSection(SolutionProperties) = preSolution
		HideSolutionNode = FALSE
	EndGlobalSection
	GlobalSection(ExtensibilityGlobals) = postSolution
		SolutionGuid = {0BA38608-03D3-46AD-8175-7C536434B660}
	EndGlobalSection
EndGlobal
